
Microsoft Visual Studio Solution File, Format Version 12.00
# Visual Studio Version 16
VisualStudioVersion = 16.0.29215.179
MinimumVisualStudioVersion = 10.0.40219.1
Project("{2150E333-8FDC-42A3-9474-1A3956D46DE8}") = "SolutionItems", "SolutionItems", "{7FED1EF9-8CFF-4CB0-82DB-3FE2F0C866CB}"
	ProjectSection(SolutionItems) = preProject
		.gitignore = .gitignore
		src\GenericDesignPatterns\GenericDesignPatterns.nuspec = src\GenericDesignPatterns\GenericDesignPatterns.nuspec
		LICENSE = LICENSE
		README.md = README.md
	EndProjectSection
EndProject
Project("{2150E333-8FDC-42A3-9474-1A3956D46DE8}") = "src", "src", "{40EDD93B-B028-4380-A96F-1A7941179678}"
EndProject
Project("{2150E333-8FDC-42A3-9474-1A3956D46DE8}") = "doc", "doc", "{17C65A2D-CA9C-44CA-8464-B78EEE437023}"
	ProjectSection(SolutionItems) = preProject
		doc\README.md = doc\README.md
	EndProjectSection
EndProject
Project("{2150E333-8FDC-42A3-9474-1A3956D46DE8}") = "test", "test", "{D811DC12-E1B8-4E0E-A37C-AE4E5D975500}"
EndProject
Project("{FAE04EC0-301F-11D3-BF4B-00C04F79EFBC}") = "GenericDesignPatterns.Tests.Unit", "test\GenericDesignPatterns.Tests.Unit\GenericDesignPatterns.Tests.Unit.csproj", "{2E3DF5C2-8A38-4A03-86D7-8D463C917E47}"
EndProject
Project("{FAE04EC0-301F-11D3-BF4B-00C04F79EFBC}") = "GenericDesignPatterns.Samples", "src\GenericDesignPatterns.Samples\GenericDesignPatterns.Samples.csproj", "{F0FC6A6B-EB1E-4E3A-AA9D-B1056285C96E}"
EndProject
Project("{FAE04EC0-301F-11D3-BF4B-00C04F79EFBC}") = "GenericDesignPatterns.Samples.Tests.Unit", "test\GenericDesignPatterns.Samples.Tests.Unit\GenericDesignPatterns.Samples.Tests.Unit.csproj", "{DBB62E9B-7878-48A4-8F90-3BE5B667760C}"
EndProject
Project("{FAE04EC0-301F-11D3-BF4B-00C04F79EFBC}") = "GenericDesignPatterns", "src\GenericDesignPatterns\GenericDesignPatterns.csproj", "{B626ACE3-B898-4A3A-959E-29E211F0557B}"
EndProject
Project("{2150E333-8FDC-42A3-9474-1A3956D46DE8}") = "NugetPackage", "NugetPackage", "{FF0DB18C-25AA-43DB-824D-46429F428A2A}"
EndProject
Global
	GlobalSection(SolutionConfigurationPlatforms) = preSolution
		Debug|Any CPU = Debug|Any CPU
		Release|Any CPU = Release|Any CPU
	EndGlobalSection
	GlobalSection(ProjectConfigurationPlatforms) = postSolution
		{2E3DF5C2-8A38-4A03-86D7-8D463C917E47}.Debug|Any CPU.ActiveCfg = Debug|Any CPU
		{2E3DF5C2-8A38-4A03-86D7-8D463C917E47}.Debug|Any CPU.Build.0 = Debug|Any CPU
		{2E3DF5C2-8A38-4A03-86D7-8D463C917E47}.Release|Any CPU.ActiveCfg = Release|Any CPU
		{2E3DF5C2-8A38-4A03-86D7-8D463C917E47}.Release|Any CPU.Build.0 = Release|Any CPU
		{F0FC6A6B-EB1E-4E3A-AA9D-B1056285C96E}.Debug|Any CPU.ActiveCfg = Debug|Any CPU
		{F0FC6A6B-EB1E-4E3A-AA9D-B1056285C96E}.Debug|Any CPU.Build.0 = Debug|Any CPU
		{F0FC6A6B-EB1E-4E3A-AA9D-B1056285C96E}.Release|Any CPU.ActiveCfg = Release|Any CPU
		{F0FC6A6B-EB1E-4E3A-AA9D-B1056285C96E}.Release|Any CPU.Build.0 = Release|Any CPU
		{DBB62E9B-7878-48A4-8F90-3BE5B667760C}.Debug|Any CPU.ActiveCfg = Debug|Any CPU
		{DBB62E9B-7878-48A4-8F90-3BE5B667760C}.Debug|Any CPU.Build.0 = Debug|Any CPU
		{DBB62E9B-7878-48A4-8F90-3BE5B667760C}.Release|Any CPU.ActiveCfg = Release|Any CPU
		{DBB62E9B-7878-48A4-8F90-3BE5B667760C}.Release|Any CPU.Build.0 = Release|Any CPU
		{B626ACE3-B898-4A3A-959E-29E211F0557B}.Debug|Any CPU.ActiveCfg = Debug|Any CPU
		{B626ACE3-B898-4A3A-959E-29E211F0557B}.Debug|Any CPU.Build.0 = Debug|Any CPU
		{B626ACE3-B898-4A3A-959E-29E211F0557B}.Release|Any CPU.ActiveCfg = Release|Any CPU
		{B626ACE3-B898-4A3A-959E-29E211F0557B}.Release|Any CPU.Build.0 = Release|Any CPU
	EndGlobalSection
	GlobalSection(SolutionProperties) = preSolution
		HideSolutionNode = FALSE
	EndGlobalSection
	GlobalSection(NestedProjects) = preSolution
		{2E3DF5C2-8A38-4A03-86D7-8D463C917E47} = {D811DC12-E1B8-4E0E-A37C-AE4E5D975500}
		{F0FC6A6B-EB1E-4E3A-AA9D-B1056285C96E} = {40EDD93B-B028-4380-A96F-1A7941179678}
		{DBB62E9B-7878-48A4-8F90-3BE5B667760C} = {D811DC12-E1B8-4E0E-A37C-AE4E5D975500}
		{B626ACE3-B898-4A3A-959E-29E211F0557B} = {40EDD93B-B028-4380-A96F-1A7941179678}
	EndGlobalSection
	GlobalSection(ExtensibilityGlobals) = postSolution
		SolutionGuid = {042CB5B1-DF8E-4A7B-A514-A0245D50D2BA}
	EndGlobalSection
EndGlobal
